{
  "nodes": {
    "nixpkgs": {
      "locked": {
        "lastModified": 1767838268,
        "narHash": "sha256-Vwo9egBr6/jZuBsNXgZUYvoWfgFrERFmNNnl38ZudBQ=",
        "owner": "nixos",
        "repo": "nixpkgs",
        "rev": "6874dd6940745e3044f145045f2dcc6b6c135ba5",
        "type": "github"
      },
      "original": {
        "owner": "nixos",
        "repo": "nixpkgs",
        "type": "github"
      }
    },
    "root": {
      "inputs": {
        "nixpkgs": "nixpkgs"
      }
    }
  },
  "root": "root",
  "version": 7
}
